
Microsoft Visual Studio Solution File, Format Version 12.00
# Visual Studio 2012
Project("{FAE04EC0-301F-11D3-BF4B-00C04F79EFBC}") = "MachineManage", "MachineManage\MachineManage.csproj", "{90B943A2-1888-4131-9C73-029DF25EFE74}"
EndProject
Project("{FAE04EC0-301F-11D3-BF4B-00C04F79EFBC}") = "MachineManage.UITests", "MachineManage.UITests\MachineManage.UITests.csproj", "{8D33A6CA-3250-4E06-ACB7-3AA8085FF105}"
EndProject
Global
	GlobalSection(SolutionConfigurationPlatforms) = preSolution
		Debug|iPhoneSimulator = Debug|iPhoneSimulator
		Release|iPhone = Release|iPhone
		Release|iPhoneSimulator = Release|iPhoneSimulator
		Debug|iPhone = Debug|iPhone
		Debug|Any CPU = Debug|Any CPU
		Release|Any CPU = Release|Any CPU
	EndGlobalSection
	GlobalSection(ProjectConfigurationPlatforms) = postSolution
		{8D33A6CA-3250-4E06-ACB7-3AA8085FF105}.Debug|Any CPU.ActiveCfg = Debug|Any CPU
		{8D33A6CA-3250-4E06-ACB7-3AA8085FF105}.Debug|Any CPU.Build.0 = Debug|Any CPU
		{8D33A6CA-3250-4E06-ACB7-3AA8085FF105}.Debug|iPhone.ActiveCfg = Debug|Any CPU
		{8D33A6CA-3250-4E06-ACB7-3AA8085FF105}.Debug|iPhone.Build.0 = Debug|Any CPU
		{8D33A6CA-3250-4E06-ACB7-3AA8085FF105}.Debug|iPhoneSimulator.ActiveCfg = Debug|Any CPU
		{8D33A6CA-3250-4E06-ACB7-3AA8085FF105}.Debug|iPhoneSimulator.Build.0 = Debug|Any CPU
		{8D33A6CA-3250-4E06-ACB7-3AA8085FF105}.Release|Any CPU.ActiveCfg = Release|Any CPU
		{8D33A6CA-3250-4E06-ACB7-3AA8085FF105}.Release|Any CPU.Build.0 = Release|Any CPU
		{8D33A6CA-3250-4E06-ACB7-3AA8085FF105}.Release|iPhone.ActiveCfg = Release|Any CPU
		{8D33A6CA-3250-4E06-ACB7-3AA8085FF105}.Release|iPhone.Build.0 = Release|Any CPU
		{8D33A6CA-3250-4E06-ACB7-3AA8085FF105}.Release|iPhoneSimulator.ActiveCfg = Release|Any CPU
		{8D33A6CA-3250-4E06-ACB7-3AA8085FF105}.Release|iPhoneSimulator.Build.0 = Release|Any CPU
		{90B943A2-1888-4131-9C73-029DF25EFE74}.Debug|Any CPU.ActiveCfg = Debug|iPhoneSimulator
		{90B943A2-1888-4131-9C73-029DF25EFE74}.Debug|Any CPU.Build.0 = Debug|iPhoneSimulator
		{90B943A2-1888-4131-9C73-029DF25EFE74}.Debug|iPhone.ActiveCfg = Debug|iPhone
		{90B943A2-1888-4131-9C73-029DF25EFE74}.Debug|iPhone.Build.0 = Debug|iPhone
		{90B943A2-1888-4131-9C73-029DF25EFE74}.Debug|iPhoneSimulator.ActiveCfg = Debug|iPhoneSimulator
		{90B943A2-1888-4131-9C73-029DF25EFE74}.Debug|iPhoneSimulator.Build.0 = Debug|iPhoneSimulator
		{90B943A2-1888-4131-9C73-029DF25EFE74}.Release|Any CPU.ActiveCfg = Release|iPhone
		{90B943A2-1888-4131-9C73-029DF25EFE74}.Release|Any CPU.Build.0 = Release|iPhone
		{90B943A2-1888-4131-9C73-029DF25EFE74}.Release|iPhone.ActiveCfg = Release|iPhone
		{90B943A2-1888-4131-9C73-029DF25EFE74}.Release|iPhone.Build.0 = Release|iPhone
		{90B943A2-1888-4131-9C73-029DF25EFE74}.Release|iPhoneSimulator.ActiveCfg = Release|iPhoneSimulator
		{90B943A2-1888-4131-9C73-029DF25EFE74}.Release|iPhoneSimulator.Build.0 = Release|iPhoneSimulator
	EndGlobalSection
EndGlobal
